// !$*UTF8*$!
{
	archiveVersion = 1;
	classes = {
	};
	objectVersion = 46;
	objects = {

/* Begin PBXBuildFile section */
		6306E4A8895428B05EA1125A /* libPods-myMakeMoneyStudy.a in Frameworks */ = {isa = PBXBuildFile; fileRef = 852C6B5C081072CE93AC8310 /* libPods-myMakeMoneyStudy.a */; };
		8500C2C51D14FEAD0046F0D6 /* myMakeMoneyStudyTests.m in Sources */ = {isa = PBXBuildFile; fileRef = 8500C2C41D14FEAD0046F0D6 /* myMakeMoneyStudyTests.m */; };
		8500C2D01D14FEAD0046F0D6 /* myMakeMoneyStudyUITests.m in Sources */ = {isa = PBXBuildFile; fileRef = 8500C2CF1D14FEAD0046F0D6 /* myMakeMoneyStudyUITests.m */; };
		853ABD711D1963DA00256397 /* LanchAdView.m in Sources */ = {isa = PBXBuildFile; fileRef = 853ABD701D1963DA00256397 /* LanchAdView.m */; };
		853ABD761D1997D300256397 /* MXWAdviewController.m in Sources */ = {isa = PBXBuildFile; fileRef = 853ABD751D1997D300256397 /* MXWAdviewController.m */; };
		8599D81C1D1919CE00CAE91A /* AppDelegate.m in Sources */ = {isa = PBXBuildFile; fileRef = 8599D81B1D1919CE00CAE91A /* AppDelegate.m */; };
		8599D8201D191A3200CAE91A /* main.m in Sources */ = {isa = PBXBuildFile; fileRef = 8599D81F1D191A3200CAE91A /* main.m */; };
		8599D8221D191A6200CAE91A /* Assets.xcassets in Resources */ = {isa = PBXBuildFile; fileRef = 8599D8211D191A6200CAE91A /* Assets.xcassets */; };
		8599D8241D191A8800CAE91A /* Main.storyboard in Resources */ = {isa = PBXBuildFile; fileRef = 8599D8231D191A8800CAE91A /* Main.storyboard */; };
		8599D8271D191A9100CAE91A /* LaunchScreen.storyboard in Resources */ = {isa = PBXBuildFile; fileRef = 8599D8251D191A9100CAE91A /* LaunchScreen.storyboard */; };
		8599D82C1D191C2700CAE91A /* ViewController.m in Sources */ = {isa = PBXBuildFile; fileRef = 8599D82B1D191C2700CAE91A /* ViewController.m */; };
/* End PBXBuildFile section */

/* Begin PBXContainerItemProxy section */
		8500C2C11D14FEAD0046F0D6 /* PBXContainerItemProxy */ = {
			isa = PBXContainerItemProxy;
			containerPortal = 8500C29F1D14FEAD0046F0D6 /* Project object */;
			proxyType = 1;
			remoteGlobalIDString = 8500C2A61D14FEAD0046F0D6;
			remoteInfo = myMakeMoneyStudy;
		};
		8500C2CC1D14FEAD0046F0D6 /* PBXContainerItemProxy */ = {
			isa = PBXContainerItemProxy;
			containerPortal = 8500C29F1D14FEAD0046F0D6 /* Project object */;
			proxyType = 1;
			remoteGlobalIDString = 8500C2A61D14FEAD0046F0D6;
			remoteInfo = myMakeMoneyStudy;
		};
/* End PBXContainerItemProxy section */

/* Begin PBXFileReference section */
		12F47A3D725AA10C590C0F28 /* Pods-myMakeMoneyStudy.debug.xcconfig */ = {isa = PBXFileReference; includeInIndex = 1; lastKnownFileType = text.xcconfig; name = "Pods-myMakeMoneyStudy.debug.xcconfig"; path = "Pods/Target Support Files/Pods-myMakeMoneyStudy/Pods-myMakeMoneyStudy.debug.xcconfig"; sourceTree = "<group>"; };
		4FAC7867AAE7BCE000709CC6 /* Pods-myMakeMoneyStudy.release.xcconfig */ = {isa = PBXFileReference; includeInIndex = 1; lastKnownFileType = text.xcconfig; name = "Pods-myMakeMoneyStudy.release.xcconfig"; path = "Pods/Target Support Files/Pods-myMakeMoneyStudy/Pods-myMakeMoneyStudy.release.xcconfig"; sourceTree = "<group>"; };
		8500C2A71D14FEAD0046F0D6 /* myMakeMoneyStudy.app */ = {isa = PBXFileReference; explicitFileType = wrapper.application; includeInIndex = 0; path = myMakeMoneyStudy.app; sourceTree = BUILT_PRODUCTS_DIR; };
		8500C2C01D14FEAD0046F0D6 /* myMakeMoneyStudyTests.xctest */ = {isa = PBXFileReference; explicitFileType = wrapper.cfbundle; includeInIndex = 0; path = myMakeMoneyStudyTests.xctest; sourceTree = BUILT_PRODUCTS_DIR; };
		8500C2C41D14FEAD0046F0D6 /* myMakeMoneyStudyTests.m */ = {isa = PBXFileReference; lastKnownFileType = sourcecode.c.objc; path = myMakeMoneyStudyTests.m; sourceTree = "<group>"; };
		8500C2C61D14FEAD0046F0D6 /* Info.plist */ = {isa = PBXFileReference; lastKnownFileType = text.plist.xml; path = Info.plist; sourceTree = "<group>"; };
		8500C2CB1D14FEAD0046F0D6 /* myMakeMoneyStudyUITests.xctest */ = {isa = PBXFileReference; explicitFileType = wrapper.cfbundle; includeInIndex = 0; path = myMakeMoneyStudyUITests.xctest; sourceTree = BUILT_PRODUCTS_DIR; };
		8500C2CF1D14FEAD0046F0D6 /* myMakeMoneyStudyUITests.m */ = {isa = PBXFileReference; lastKnownFileType = sourcecode.c.objc; path = myMakeMoneyStudyUITests.m; sourceTree = "<group>"; };
		8500C2D11D14FEAD0046F0D6 /* Info.plist */ = {isa = PBXFileReference; lastKnownFileType = text.plist.xml; path = Info.plist; sourceTree = "<group>"; };
		852C6B5C081072CE93AC8310 /* libPods-myMakeMoneyStudy.a */ = {isa = PBXFileReference; explicitFileType = archive.ar; includeInIndex = 0; path = "libPods-myMakeMoneyStudy.a"; sourceTree = BUILT_PRODUCTS_DIR; };
		853ABD6F1D1963DA00256397 /* LanchAdView.h */ = {isa = PBXFileReference; fileEncoding = 4; lastKnownFileType = sourcecode.c.h; path = LanchAdView.h; sourceTree = "<group>"; };
		853ABD701D1963DA00256397 /* LanchAdView.m */ = {isa = PBXFileReference; fileEncoding = 4; lastKnownFileType = sourcecode.c.objc; path = LanchAdView.m; sourceTree = "<group>"; };
		853ABD721D1967E800256397 /* PrefixHeader.pch */ = {isa = PBXFileReference; lastKnownFileType = sourcecode.c.h; path = PrefixHeader.pch; sourceTree = "<group>"; };
		853ABD731D196DD100256397 /* Macro.h */ = {isa = PBXFileReference; lastKnownFileType = sourcecode.c.h; path = Macro.h; sourceTree = "<group>"; };
		853ABD741D1997D300256397 /* MXWAdviewController.h */ = {isa = PBXFileReference; fileEncoding = 4; lastKnownFileType = sourcecode.c.h; name = MXWAdviewController.h; path = "myMakeMoneyStudy/MVCS(包含各个功能模块)/MXWAdviewController.h"; sourceTree = SOURCE_ROOT; };
		853ABD751D1997D300256397 /* MXWAdviewController.m */ = {isa = PBXFileReference; fileEncoding = 4; lastKnownFileType = sourcecode.c.objc; name = MXWAdviewController.m; path = "myMakeMoneyStudy/MVCS(包含各个功能模块)/MXWAdviewController.m"; sourceTree = SOURCE_ROOT; };
		8599D8141D19194700CAE91A /* ToolsHeader.h */ = {isa = PBXFileReference; lastKnownFileType = sourcecode.c.h; path = ToolsHeader.h; sourceTree = "<group>"; };
		8599D8151D19195800CAE91A /* NetWorkHeader.h */ = {isa = PBXFileReference; lastKnownFileType = sourcecode.c.h; path = NetWorkHeader.h; sourceTree = "<group>"; };
		8599D8161D19196300CAE91A /* DataHeader.h */ = {isa = PBXFileReference; lastKnownFileType = sourcecode.c.h; path = DataHeader.h; sourceTree = "<group>"; };
		8599D8171D19197800CAE91A /* Category.h */ = {isa = PBXFileReference; lastKnownFileType = sourcecode.c.h; path = Category.h; sourceTree = "<group>"; };
		8599D81A1D1919CE00CAE91A /* AppDelegate.h */ = {isa = PBXFileReference; fileEncoding = 4; lastKnownFileType = sourcecode.c.h; path = AppDelegate.h; sourceTree = "<group>"; };
		8599D81B1D1919CE00CAE91A /* AppDelegate.m */ = {isa = PBXFileReference; fileEncoding = 4; lastKnownFileType = sourcecode.c.objc; path = AppDelegate.m; sourceTree = "<group>"; };
		8599D81F1D191A3200CAE91A /* main.m */ = {isa = PBXFileReference; fileEncoding = 4; lastKnownFileType = sourcecode.c.objc; name = main.m; path = "Resources（资源型文件目录，如数据图片，plist）/main.m"; sourceTree = "<group>"; };
		8599D8211D191A6200CAE91A /* Assets.xcassets */ = {isa = PBXFileReference; lastKnownFileType = folder.assetcatalog; name = Assets.xcassets; path = "Resources（资源型文件目录，如数据图片，plist）/Assets.xcassets"; sourceTree = "<group>"; };
		8599D8231D191A8800CAE91A /* Main.storyboard */ = {isa = PBXFileReference; fileEncoding = 4; lastKnownFileType = file.storyboard; path = Main.storyboard; sourceTree = "<group>"; };
		8599D8261D191A9100CAE91A /* Base */ = {isa = PBXFileReference; lastKnownFileType = file.storyboard; name = Base; path = "Resources（资源型文件目录，如数据图片，plist）/Base.lproj/LaunchScreen.storyboard"; sourceTree = "<group>"; };
		8599D8281D191AD600CAE91A /* Info.plist */ = {isa = PBXFileReference; fileEncoding = 4; lastKnownFileType = text.plist.xml; name = Info.plist; path = "Resources（资源型文件目录，如数据图片，plist）/Info.plist"; sourceTree = "<group>"; };
		8599D82A1D191C2700CAE91A /* ViewController.h */ = {isa = PBXFileReference; fileEncoding = 4; lastKnownFileType = sourcecode.c.h; path = ViewController.h; sourceTree = "<group>"; };
		8599D82B1D191C2700CAE91A /* ViewController.m */ = {isa = PBXFileReference; fileEncoding = 4; lastKnownFileType = sourcecode.c.objc; path = ViewController.m; sourceTree = "<group>"; };
		85E8FC861D18ED6D00640674 /* Const.h */ = {isa = PBXFileReference; lastKnownFileType = sourcecode.c.h; path = Const.h; sourceTree = "<group>"; };
		85E8FC881D18ED8A00640674 /* Notification.h */ = {isa = PBXFileReference; lastKnownFileType = sourcecode.c.h; path = Notification.h; sourceTree = "<group>"; };
/* End PBXFileReference section */

/* Begin PBXFrameworksBuildPhase section */
		8500C2A41D14FEAD0046F0D6 /* Frameworks */ = {
			isa = PBXFrameworksBuildPhase;
			buildActionMask = 2147483647;
			files = (
				6306E4A8895428B05EA1125A /* libPods-myMakeMoneyStudy.a in Frameworks */,
			);
			runOnlyForDeploymentPostprocessing = 0;
		};
		8500C2BD1D14FEAD0046F0D6 /* Frameworks */ = {
			isa = PBXFrameworksBuildPhase;
			buildActionMask = 2147483647;
			files = (
			);
			runOnlyForDeploymentPostprocessing = 0;
		};
		8500C2C81D14FEAD0046F0D6 /* Frameworks */ = {
			isa = PBXFrameworksBuildPhase;
			buildActionMask = 2147483647;
			files = (
			);
			runOnlyForDeploymentPostprocessing = 0;
		};
/* End PBXFrameworksBuildPhase section */

/* Begin PBXGroup section */
		1B2793B69D18AE754C2F9A95 /* Frameworks */ = {
			isa = PBXGroup;
			children = (
				852C6B5C081072CE93AC8310 /* libPods-myMakeMoneyStudy.a */,
			);
			name = Frameworks;
			sourceTree = "<group>";
		};
		8500C29E1D14FEAD0046F0D6 = {
			isa = PBXGroup;
			children = (
				8500C2A91D14FEAD0046F0D6 /* myMakeMoneyStudy */,
				8500C2C31D14FEAD0046F0D6 /* myMakeMoneyStudyTests */,
				8500C2CE1D14FEAD0046F0D6 /* myMakeMoneyStudyUITests */,
				8500C2A81D14FEAD0046F0D6 /* Products */,
				DCD682C6EB334E03FF395F68 /* Pods */,
				1B2793B69D18AE754C2F9A95 /* Frameworks */,
			);
			sourceTree = "<group>";
		};
		8500C2A81D14FEAD0046F0D6 /* Products */ = {
			isa = PBXGroup;
			children = (
				8500C2A71D14FEAD0046F0D6 /* myMakeMoneyStudy.app */,
				8500C2C01D14FEAD0046F0D6 /* myMakeMoneyStudyTests.xctest */,
				8500C2CB1D14FEAD0046F0D6 /* myMakeMoneyStudyUITests.xctest */,
			);
			name = Products;
			sourceTree = "<group>";
		};
		8500C2A91D14FEAD0046F0D6 /* myMakeMoneyStudy */ = {
			isa = PBXGroup;
			children = (
				85E8FC751D18E86800640674 /* Config */,
				85E8FC7A1D18EAF000640674 /* Main */,
				85E8FC761D18E86800640674 /* Interfaces */,
				85E8FC771D18E86800640674 /* Operation */,
				85E8FC781D18E86800640674 /* Resources */,
				85E8FC791D18E86800640674 /* Vendors */,
			);
			path = myMakeMoneyStudy;
			sourceTree = "<group>";
		};
		8500C2AA1D14FEAD0046F0D6 /* Supporting Files */ = {
			isa = PBXGroup;
			children = (
				8599D8281D191AD600CAE91A /* Info.plist */,
				8599D8251D191A9100CAE91A /* LaunchScreen.storyboard */,
				853ABD721D1967E800256397 /* PrefixHeader.pch */,
				8599D8211D191A6200CAE91A /* Assets.xcassets */,
				8599D81F1D191A3200CAE91A /* main.m */,
			);
			name = "Supporting Files";
			path = ..;
			sourceTree = "<group>";
		};
		8500C2C31D14FEAD0046F0D6 /* myMakeMoneyStudyTests */ = {
			isa = PBXGroup;
			children = (
				8500C2C41D14FEAD0046F0D6 /* myMakeMoneyStudyTests.m */,
				8500C2C61D14FEAD0046F0D6 /* Info.plist */,
			);
			path = myMakeMoneyStudyTests;
			sourceTree = "<group>";
		};
		8500C2CE1D14FEAD0046F0D6 /* myMakeMoneyStudyUITests */ = {
			isa = PBXGroup;
			children = (
				8500C2CF1D14FEAD0046F0D6 /* myMakeMoneyStudyUITests.m */,
				8500C2D11D14FEAD0046F0D6 /* Info.plist */,
			);
			path = myMakeMoneyStudyUITests;
			sourceTree = "<group>";
		};
		85E8FC751D18E86800640674 /* Config */ = {
			isa = PBXGroup;
			children = (
				85E8FC861D18ED6D00640674 /* Const.h */,
				853ABD731D196DD100256397 /* Macro.h */,
				85E8FC881D18ED8A00640674 /* Notification.h */,
			);
			name = Config;
			path = "config（宏定义和const等可修改的配置文件）";
			sourceTree = "<group>";
		};
		85E8FC761D18E86800640674 /* Interfaces */ = {
			isa = PBXGroup;
			children = (
				8599D82A1D191C2700CAE91A /* ViewController.h */,
				8599D82B1D191C2700CAE91A /* ViewController.m */,
				85E8FC811D18ED0500640674 /* Base */,
				85E8FC831D18ED0500640674 /* Main */,
				85E8FC821D18ED0500640674 /* Home */,
				85E8FC841D18ED0500640674 /* Myclicle */,
				85E8FC851D18ED0500640674 /* Users */,
			);
			name = Interfaces;
			path = "MVCS(包含各个功能模块)";
			sourceTree = "<group>";
		};
		85E8FC771D18E86800640674 /* Operation */ = {
			isa = PBXGroup;
			children = (
				85E8FC7E1D18EBAC00640674 /* Tools */,
				85E8FC7D1D18EBAC00640674 /* Net */,
				85E8FC7C1D18EBAC00640674 /* Data */,
				85E8FC7B1D18EBAC00640674 /* Category */,
			);
			name = Operation;
			path = "Operation（主要的操作类，如网络请求操作，数据库操作，操作工具等）";
			sourceTree = "<group>";
		};
		85E8FC781D18E86800640674 /* Resources */ = {
			isa = PBXGroup;
			children = (
				8500C2AA1D14FEAD0046F0D6 /* Supporting Files */,
			);
			name = Resources;
			path = "Resources（资源型文件目录，如数据图片，plist）";
			sourceTree = "<group>";
		};
		85E8FC791D18E86800640674 /* Vendors */ = {
			isa = PBXGroup;
			children = (
				85E8FC7F1D18EC0B00640674 /* Components */,
				85E8FC801D18EC0B00640674 /* Libs */,
			);
			name = Vendors;
			path = "Vendors(第三方组件)";
			sourceTree = "<group>";
		};
		85E8FC7A1D18EAF000640674 /* Main */ = {
			isa = PBXGroup;
			children = (
				8599D81A1D1919CE00CAE91A /* AppDelegate.h */,
				8599D81B1D1919CE00CAE91A /* AppDelegate.m */,
				853ABD6F1D1963DA00256397 /* LanchAdView.h */,
				853ABD701D1963DA00256397 /* LanchAdView.m */,
				8599D8231D191A8800CAE91A /* Main.storyboard */,
			);
			path = Main;
			sourceTree = "<group>";
		};
		85E8FC7B1D18EBAC00640674 /* Category */ = {
			isa = PBXGroup;
			children = (
				8599D8171D19197800CAE91A /* Category.h */,
			);
			name = Category;
			path = "Category(类目)";
			sourceTree = "<group>";
		};
		85E8FC7C1D18EBAC00640674 /* Data */ = {
			isa = PBXGroup;
			children = (
				8599D8161D19196300CAE91A /* DataHeader.h */,
			);
			name = Data;
			path = "Data(数据层代码)";
			sourceTree = "<group>";
		};
		85E8FC7D1D18EBAC00640674 /* Net */ = {
			isa = PBXGroup;
			children = (
				8599D8151D19195800CAE91A /* NetWorkHeader.h */,
			);
			name = Net;
			path = "Net(网络层的代码)";
			sourceTree = "<group>";
		};
		85E8FC7E1D18EBAC00640674 /* Tools */ = {
			isa = PBXGroup;
			children = (
				8599D8141D19194700CAE91A /* ToolsHeader.h */,
			);
			name = Tools;
			path = "Tools(工具类)";
			sourceTree = "<group>";
		};
		85E8FC7F1D18EC0B00640674 /* Components */ = {
			isa = PBXGroup;
			children = (
			);
			name = Components;
			path = "Components（第三方小组件，如第三方自定义控件等）";
			sourceTree = "<group>";
		};
		85E8FC801D18EC0B00640674 /* Libs */ = {
			isa = PBXGroup;
			children = (
			);
			name = Libs;
			path = "Libs（第三方库）";
			sourceTree = "<group>";
		};
		85E8FC811D18ED0500640674 /* Base */ = {
			isa = PBXGroup;
			children = (
			);
			name = Base;
			path = "Base(重用性较高的BaseMVC，如父控制器，父视图等)";
			sourceTree = "<group>";
		};
		85E8FC821D18ED0500640674 /* Home */ = {
			isa = PBXGroup;
			children = (
			);
			path = Home;
			sourceTree = "<group>";
		};
		85E8FC831D18ED0500640674 /* Main */ = {
			isa = PBXGroup;
			children = (
				853ABD741D1997D300256397 /* MXWAdviewController.h */,
				853ABD751D1997D300256397 /* MXWAdviewController.m */,
			);
			name = Main;
			path = "Main(包含功能模块之外的MVC目录)";
			sourceTree = "<group>";
		};
		85E8FC841D18ED0500640674 /* Myclicle */ = {
			isa = PBXGroup;
			children = (
			);
			path = Myclicle;
			sourceTree = "<group>";
		};
		85E8FC851D18ED0500640674 /* Users */ = {
			isa = PBXGroup;
			children = (
			);
			path = Users;
			sourceTree = "<group>";
		};
		DCD682C6EB334E03FF395F68 /* Pods */ = {
			isa = PBXGroup;
			children = (
				12F47A3D725AA10C590C0F28 /* Pods-myMakeMoneyStudy.debug.xcconfig */,
				4FAC7867AAE7BCE000709CC6 /* Pods-myMakeMoneyStudy.release.xcconfig */,
			);
			name = Pods;
			sourceTree = "<group>";
		};
/* End PBXGroup section */

/* Begin PBXNativeTarget section */
		8500C2A61D14FEAD0046F0D6 /* myMakeMoneyStudy */ = {
			isa = PBXNativeTarget;
			buildConfigurationList = 8500C2D41D14FEAD0046F0D6 /* Build configuration list for PBXNativeTarget "myMakeMoneyStudy" */;
			buildPhases = (
				A87027D5412ACA19E66A463F /* Check Pods Manifest.lock */,
				8500C2A31D14FEAD0046F0D6 /* Sources */,
				8500C2A41D14FEAD0046F0D6 /* Frameworks */,
				8500C2A51D14FEAD0046F0D6 /* Resources */,
				5AC94ACA3F2534081175AAAE /* Embed Pods Frameworks */,
				26CD844067FA17517A3C662C /* Copy Pods Resources */,
			);
			buildRules = (
			);
			dependencies = (
			);
			name = myMakeMoneyStudy;
			productName = myMakeMoneyStudy;
			productReference = 8500C2A71D14FEAD0046F0D6 /* myMakeMoneyStudy.app */;
			productType = "com.apple.product-type.application";
		};
		8500C2BF1D14FEAD0046F0D6 /* myMakeMoneyStudyTests */ = {
			isa = PBXNativeTarget;
			buildConfigurationList = 8500C2D71D14FEAD0046F0D6 /* Build configuration list for PBXNativeTarget "myMakeMoneyStudyTests" */;
			buildPhases = (
				8500C2BC1D14FEAD0046F0D6 /* Sources */,
				8500C2BD1D14FEAD0046F0D6 /* Frameworks */,
				8500C2BE1D14FEAD0046F0D6 /* Resources */,
			);
			buildRules = (
			);
			dependencies = (
				8500C2C21D14FEAD0046F0D6 /* PBXTargetDependency */,
			);
			name = myMakeMoneyStudyTests;
			productName = myMakeMoneyStudyTests;
			productReference = 8500C2C01D14FEAD0046F0D6 /* myMakeMoneyStudyTests.xctest */;
			productType = "com.apple.product-type.bundle.unit-test";
		};
		8500C2CA1D14FEAD0046F0D6 /* myMakeMoneyStudyUITests */ = {
			isa = PBXNativeTarget;
			buildConfigurationList = 8500C2DA1D14FEAD0046F0D6 /* Build configuration list for PBXNativeTarget "myMakeMoneyStudyUITests" */;
			buildPhases = (
				8500C2C71D14FEAD0046F0D6 /* Sources */,
				8500C2C81D14FEAD0046F0D6 /* Frameworks */,
				8500C2C91D14FEAD0046F0D6 /* Resources */,
			);
			buildRules = (
			);
			dependencies = (
				8500C2CD1D14FEAD0046F0D6 /* PBXTargetDependency */,
			);
			name = myMakeMoneyStudyUITests;
			productName = myMakeMoneyStudyUITests;
			productReference = 8500C2CB1D14FEAD0046F0D6 /* myMakeMoneyStudyUITests.xctest */;
			productType = "com.apple.product-type.bundle.ui-testing";
		};
/* End PBXNativeTarget section */

/* Begin PBXProject section */
		8500C29F1D14FEAD0046F0D6 /* Project object */ = {
			isa = PBXProject;
			attributes = {
				LastUpgradeCheck = 0730;
				ORGANIZATIONNAME = Miricle;
				TargetAttributes = {
					8500C2A61D14FEAD0046F0D6 = {
						CreatedOnToolsVersion = 7.3.1;
						DevelopmentTeam = 64KT797F3Y;
					};
					8500C2BF1D14FEAD0046F0D6 = {
						CreatedOnToolsVersion = 7.3.1;
						TestTargetID = 8500C2A61D14FEAD0046F0D6;
					};
					8500C2CA1D14FEAD0046F0D6 = {
						CreatedOnToolsVersion = 7.3.1;
						TestTargetID = 8500C2A61D14FEAD0046F0D6;
					};
				};
			};
			buildConfigurationList = 8500C2A21D14FEAD0046F0D6 /* Build configuration list for PBXProject "myMakeMoneyStudy" */;
			compatibilityVersion = "Xcode 3.2";
			developmentRegion = English;
			hasScannedForEncodings = 0;
			knownRegions = (
				en,
				Base,
			);
			mainGroup = 8500C29E1D14FEAD0046F0D6;
			productRefGroup = 8500C2A81D14FEAD0046F0D6 /* Products */;
			projectDirPath = "";
			projectRoot = "";
			targets = (
				8500C2A61D14FEAD0046F0D6 /* myMakeMoneyStudy */,
				8500C2BF1D14FEAD0046F0D6 /* myMakeMoneyStudyTests */,
				8500C2CA1D14FEAD0046F0D6 /* myMakeMoneyStudyUITests */,
			);
		};
/* End PBXProject section */

/* Begin PBXResourcesBuildPhase section */
		8500C2A51D14FEAD0046F0D6 /* Resources */ = {
			isa = PBXResourcesBuildPhase;
			buildActionMask = 2147483647;
			files = (
				8599D8221D191A6200CAE91A /* Assets.xcassets in Resources */,
				8599D8271D191A9100CAE91A /* LaunchScreen.storyboard in Resources */,
				8599D8241D191A8800CAE91A /* Main.storyboard in Resources */,
			);
			runOnlyForDeploymentPostprocessing = 0;
		};
		8500C2BE1D14FEAD0046F0D6 /* Resources */ = {
			isa = PBXResourcesBuildPhase;
			buildActionMask = 2147483647;
			files = (
			);
			runOnlyForDeploymentPostprocessing = 0;
		};
		8500C2C91D14FEAD0046F0D6 /* Resources */ = {
			isa = PBXResourcesBuildPhase;
			buildActionMask = 2147483647;
			files = (
			);
			runOnlyForDeploymentPostprocessing = 0;
		};
/* End PBXResourcesBuildPhase section */

/* Begin PBXShellScriptBuildPhase section */
		26CD844067FA17517A3C662C /* Copy Pods Resources */ = {
			isa = PBXShellScriptBuildPhase;
			buildActionMask = 2147483647;
			files = (
			);
			inputPaths = (
			);
			name = "Copy Pods Resources";
			outputPaths = (
			);
			runOnlyForDeploymentPostprocessing = 0;
			shellPath = /bin/sh;
			shellScript = "\"${SRCROOT}/Pods/Target Support Files/Pods-myMakeMoneyStudy/Pods-myMakeMoneyStudy-resources.sh\"\n";
			showEnvVarsInLog = 0;
		};
		5AC94ACA3F2534081175AAAE /* Embed Pods Frameworks */ = {
			isa = PBXShellScriptBuildPhase;
			buildActionMask = 2147483647;
			files = (
			);
			inputPaths = (
			);
			name = "Embed Pods Frameworks";
			outputPaths = (
			);
			runOnlyForDeploymentPostprocessing = 0;
			shellPath = /bin/sh;
			shellScript = "\"${SRCROOT}/Pods/Target Support Files/Pods-myMakeMoneyStudy/Pods-myMakeMoneyStudy-frameworks.sh\"\n";
			showEnvVarsInLog = 0;
		};
		A87027D5412ACA19E66A463F /* Check Pods Manifest.lock */ = {
			isa = PBXShellScriptBuildPhase;
			buildActionMask = 2147483647;
			files = (
			);
			inputPaths = (
			);
			name = "Check Pods Manifest.lock";
			outputPaths = (
			);
			runOnlyForDeploymentPostprocessing = 0;
			shellPath = /bin/sh;
			shellScript = "diff \"${PODS_ROOT}/../Podfile.lock\" \"${PODS_ROOT}/Manifest.lock\" > /dev/null\nif [[ $? != 0 ]] ; then\n    cat << EOM\nerror: The sandbox is not in sync with the Podfile.lock. Run 'pod install' or update your CocoaPods installation.\nEOM\n    exit 1\nfi\n";
			showEnvVarsInLog = 0;
		};
/* End PBXShellScriptBuildPhase section */

/* Begin PBXSourcesBuildPhase section */
		8500C2A31D14FEAD0046F0D6 /* Sources */ = {
			isa = PBXSourcesBuildPhase;
			buildActionMask = 2147483647;
			files = (
				8599D82C1D191C2700CAE91A /* ViewController.m in Sources */,
				8599D8201D191A3200CAE91A /* main.m in Sources */,
				853ABD711D1963DA00256397 /* LanchAdView.m in Sources */,
				853ABD761D1997D300256397 /* MXWAdviewController.m in Sources */,
				8599D81C1D1919CE00CAE91A /* AppDelegate.m in Sources */,
			);
			runOnlyForDeploymentPostprocessing = 0;
		};
		8500C2BC1D14FEAD0046F0D6 /* Sources */ = {
			isa = PBXSourcesBuildPhase;
			buildActionMask = 2147483647;
			files = (
				8500C2C51D14FEAD0046F0D6 /* myMakeMoneyStudyTests.m in Sources */,
			);
			runOnlyForDeploymentPostprocessing = 0;
		};
		8500C2C71D14FEAD0046F0D6 /* Sources */ = {
			isa = PBXSourcesBuildPhase;
			buildActionMask = 2147483647;
			files = (
				8500C2D01D14FEAD0046F0D6 /* myMakeMoneyStudyUITests.m in Sources */,
			);
			runOnlyForDeploymentPostprocessing = 0;
		};
/* End PBXSourcesBuildPhase section */

/* Begin PBXTargetDependency section */
		8500C2C21D14FEAD0046F0D6 /* PBXTargetDependency */ = {
			isa = PBXTargetDependency;
			target = 8500C2A61D14FEAD0046F0D6 /* myMakeMoneyStudy */;
			targetProxy = 8500C2C11D14FEAD0046F0D6 /* PBXContainerItemProxy */;
		};
		8500C2CD1D14FEAD0046F0D6 /* PBXTargetDependency */ = {
			isa = PBXTargetDependency;
			target = 8500C2A61D14FEAD0046F0D6 /* myMakeMoneyStudy */;
			targetProxy = 8500C2CC1D14FEAD0046F0D6 /* PBXContainerItemProxy */;
		};
/* End PBXTargetDependency section */

/* Begin PBXVariantGroup section */
		8599D8251D191A9100CAE91A /* LaunchScreen.storyboard */ = {
			isa = PBXVariantGroup;
			children = (
				8599D8261D191A9100CAE91A /* Base */,
			);
			name = LaunchScreen.storyboard;
			sourceTree = "<group>";
		};
/* End PBXVariantGroup section */

/* Begin XCBuildConfiguration section */
		8500C2D21D14FEAD0046F0D6 /* Debug */ = {
			isa = XCBuildConfiguration;
			buildSettings = {
				ALWAYS_SEARCH_USER_PATHS = NO;
				CLANG_ANALYZER_NONNULL = YES;
				CLANG_CXX_LANGUAGE_STANDARD = "gnu++0x";
				CLANG_CXX_LIBRARY = "libc++";
				CLANG_ENABLE_MODULES = YES;
				CLANG_ENABLE_OBJC_ARC = YES;
				CLANG_WARN_BOOL_CONVERSION = YES;
				CLANG_WARN_CONSTANT_CONVERSION = YES;
				CLANG_WARN_DIRECT_OBJC_ISA_USAGE = YES_ERROR;
				CLANG_WARN_EMPTY_BODY = YES;
				CLANG_WARN_ENUM_CONVERSION = YES;
				CLANG_WARN_INT_CONVERSION = YES;
				CLANG_WARN_OBJC_ROOT_CLASS = YES_ERROR;
				CLANG_WARN_UNREACHABLE_CODE = YES;
				CLANG_WARN__DUPLICATE_METHOD_MATCH = YES;
				"CODE_SIGN_IDENTITY[sdk=iphoneos*]" = "iPhone Developer";
				COPY_PHASE_STRIP = NO;
				DEBUG_INFORMATION_FORMAT = dwarf;
				ENABLE_STRICT_OBJC_MSGSEND = YES;
				ENABLE_TESTABILITY = YES;
				GCC_C_LANGUAGE_STANDARD = gnu99;
				GCC_DYNAMIC_NO_PIC = NO;
				GCC_NO_COMMON_BLOCKS = YES;
				GCC_OPTIMIZATION_LEVEL = 0;
				GCC_PREPROCESSOR_DEFINITIONS = (
					"DEBUG=1",
					"$(inherited)",
				);
				GCC_WARN_64_TO_32_BIT_CONVERSION = YES;
				GCC_WARN_ABOUT_RETURN_TYPE = YES_ERROR;
				GCC_WARN_UNDECLARED_SELECTOR = YES;
				GCC_WARN_UNINITIALIZED_AUTOS = YES_AGGRESSIVE;
				GCC_WARN_UNUSED_FUNCTION = YES;
				GCC_WARN_UNUSED_VARIABLE = YES;
				IPHONEOS_DEPLOYMENT_TARGET = 9.3;
				MTL_ENABLE_DEBUG_INFO = YES;
				ONLY_ACTIVE_ARCH = YES;
				SDKROOT = iphoneos;
				TARGETED_DEVICE_FAMILY = "1,2";
			};
			name = Debug;
		};
		8500C2D31D14FEAD0046F0D6 /* Release */ = {
			isa = XCBuildConfiguration;
			buildSettings = {
				ALWAYS_SEARCH_USER_PATHS = NO;
				CLANG_ANALYZER_NONNULL = YES;
				CLANG_CXX_LANGUAGE_STANDARD = "gnu++0x";
				CLANG_CXX_LIBRARY = "libc++";
				CLANG_ENABLE_MODULES = YES;
				CLANG_ENABLE_OBJC_ARC = YES;
				CLANG_WARN_BOOL_CONVERSION = YES;
				CLANG_WARN_CONSTANT_CONVERSION = YES;
				CLANG_WARN_DIRECT_OBJC_ISA_USAGE = YES_ERROR;
				CLANG_WARN_EMPTY_BODY = YES;
				CLANG_WARN_ENUM_CONVERSION = YES;
				CLANG_WARN_INT_CONVERSION = YES;
				CLANG_WARN_OBJC_ROOT_CLASS = YES_ERROR;
				CLANG_WARN_UNREACHABLE_CODE = YES;
				CLANG_WARN__DUPLICATE_METHOD_MATCH = YES;
				"CODE_SIGN_IDENTITY[sdk=iphoneos*]" = "iPhone Developer";
				COPY_PHASE_STRIP = NO;
				DEBUG_INFORMATION_FORMAT = "dwarf-with-dsym";
				ENABLE_NS_ASSERTIONS = NO;
				ENABLE_STRICT_OBJC_MSGSEND = YES;
				GCC_C_LANGUAGE_STANDARD = gnu99;
				GCC_NO_COMMON_BLOCKS = YES;
				GCC_WARN_64_TO_32_BIT_CONVERSION = YES;
				GCC_WARN_ABOUT_RETURN_TYPE = YES_ERROR;
				GCC_WARN_UNDECLARED_SELECTOR = YES;
				GCC_WARN_UNINITIALIZED_AUTOS = YES_AGGRESSIVE;
				GCC_WARN_UNUSED_FUNCTION = YES;
				GCC_WARN_UNUSED_VARIABLE = YES;
				IPHONEOS_DEPLOYMENT_TARGET = 9.3;
				MTL_ENABLE_DEBUG_INFO = NO;
				SDKROOT = iphoneos;
				TARGETED_DEVICE_FAMILY = "1,2";
				VALIDATE_PRODUCT = YES;
			};
			name = Release;
		};
		8500C2D51D14FEAD0046F0D6 /* Debug */ = {
			isa = XCBuildConfiguration;
			baseConfigurationReference = 12F47A3D725AA10C590C0F28 /* Pods-myMakeMoneyStudy.debug.xcconfig */;
			buildSettings = {
				ASSETCATALOG_COMPILER_APPICON_NAME = AppIcon;
				ASSETCATALOG_COMPILER_LAUNCHIMAGE_NAME = LaunchImage;
				CODE_SIGN_IDENTITY = "iPhone Developer";
				"CODE_SIGN_IDENTITY[sdk=iphoneos*]" = "iPhone Developer";
				GCC_INCREASE_PRECOMPILED_HEADER_SHARING = NO;
				GCC_PRECOMPILE_PREFIX_HEADER = YES;
				GCC_PREFIX_HEADER = /Users/mingxianwei/Git/myMakeMoneyStudy/myMakeMoneyStudy/myMakeMoneyStudy/PrefixHeader.pch;
				INFOPLIST_FILE = "$(SRCROOT)/myMakeMoneyStudy/Resources（资源型文件目录，如数据图片，plist）/Info.plist";
				IPHONEOS_DEPLOYMENT_TARGET = 8.0;
				LD_RUNPATH_SEARCH_PATHS = "$(inherited) @executable_path/Frameworks";
				PRODUCT_BUNDLE_IDENTIFIER = www.mingxianwei.com;
				PRODUCT_NAME = "$(TARGET_NAME)";
				PROVISIONING_PROFILE = "";
				TARGETED_DEVICE_FAMILY = 1;
			};
			name = Debug;
		};
		8500C2D61D14FEAD0046F0D6 /* Release */ = {
			isa = XCBuildConfiguration;
			baseConfigurationReference = 4FAC7867AAE7BCE000709CC6 /* Pods-myMakeMoneyStudy.release.xcconfig */;
			buildSettings = {
				ASSETCATALOG_COMPILER_APPICON_NAME = AppIcon;
				ASSETCATALOG_COMPILER_LAUNCHIMAGE_NAME = LaunchImage;
				CODE_SIGN_IDENTITY = "iPhone Developer";
				"CODE_SIGN_IDENTITY[sdk=iphoneos*]" = "iPhone Developer";
				GCC_INCREASE_PRECOMPILED_HEADER_SHARING = NO;
				GCC_PRECOMPILE_PREFIX_HEADER = YES;
				GCC_PREFIX_HEADER = /Users/mingxianwei/Git/myMakeMoneyStudy/myMakeMoneyStudy/myMakeMoneyStudy/PrefixHeader.pch;
				INFOPLIST_FILE = "$(SRCROOT)/myMakeMoneyStudy/Resources（资源型文件目录，如数据图片，plist）/Info.plist";
				IPHONEOS_DEPLOYMENT_TARGET = 8.0;
				LD_RUNPATH_SEARCH_PATHS = "$(inherited) @executable_path/Frameworks";
				PRODUCT_BUNDLE_IDENTIFIER = www.mingxianwei.com;
				PRODUCT_NAME = "$(TARGET_NAME)";
				PROVISIONING_PROFILE = "";
				TARGETED_DEVICE_FAMILY = 1;
			};
			name = Release;
		};
		8500C2D81D14FEAD0046F0D6 /* Debug */ = {
			isa = XCBuildConfiguration;
			buildSettings = {
				BUNDLE_LOADER = "$(TEST_HOST)";
				INFOPLIST_FILE = myMakeMoneyStudyTests/Info.plist;
				LD_RUNPATH_SEARCH_PATHS = "$(inherited) @executable_path/Frameworks @loader_path/Frameworks";
				PRODUCT_BUNDLE_IDENTIFIER = www.mingxianwei.com.myMakeMoneyStudyTests;
				PRODUCT_NAME = "$(TARGET_NAME)";
				TEST_HOST = "$(BUILT_PRODUCTS_DIR)/myMakeMoneyStudy.app/myMakeMoneyStudy";
			};
			name = Debug;
		};
		8500C2D91D14FEAD0046F0D6 /* Release */ = {
			isa = XCBuildConfiguration;
			buildSettings = {
				BUNDLE_LOADER = "$(TEST_HOST)";
				INFOPLIST_FILE = myMakeMoneyStudyTests/Info.plist;
				LD_RUNPATH_SEARCH_PATHS = "$(inherited) @executable_path/Frameworks @loader_path/Frameworks";
				PRODUCT_BUNDLE_IDENTIFIER = www.mingxianwei.com.myMakeMoneyStudyTests;
				PRODUCT_NAME = "$(TARGET_NAME)";
				TEST_HOST = "$(BUILT_PRODUCTS_DIR)/myMakeMoneyStudy.app/myMakeMoneyStudy";
			};
			name = Release;
		};
		8500C2DB1D14FEAD0046F0D6 /* Debug */ = {
			isa = XCBuildConfiguration;
			buildSettings = {
				INFOPLIST_FILE = myMakeMoneyStudyUITests/Info.plist;
				LD_RUNPATH_SEARCH_PATHS = "$(inherited) @executable_path/Frameworks @loader_path/Frameworks";
				PRODUCT_BUNDLE_IDENTIFIER = www.mingxianwei.com.myMakeMoneyStudyUITests;
				PRODUCT_NAME = "$(TARGET_NAME)";
				TEST_TARGET_NAME = myMakeMoneyStudy;
			};
			name = Debug;
		};
		8500C2DC1D14FEAD0046F0D6 /* Release */ = {
			isa = XCBuildConfiguration;
			buildSettings = {
				INFOPLIST_FILE = myMakeMoneyStudyUITests/Info.plist;
				LD_RUNPATH_SEARCH_PATHS = "$(inherited) @executable_path/Frameworks @loader_path/Frameworks";
				PRODUCT_BUNDLE_IDENTIFIER = www.mingxianwei.com.myMakeMoneyStudyUITests;
				PRODUCT_NAME = "$(TARGET_NAME)";
				TEST_TARGET_NAME = myMakeMoneyStudy;
			};
			name = Release;
		};
/* End XCBuildConfiguration section */

/* Begin XCConfigurationList section */
		8500C2A21D14FEAD0046F0D6 /* Build configuration list for PBXProject "myMakeMoneyStudy" */ = {
			isa = XCConfigurationList;
			buildConfigurations = (
				8500C2D21D14FEAD0046F0D6 /* Debug */,
				8500C2D31D14FEAD0046F0D6 /* Release */,
			);
			defaultConfigurationIsVisible = 0;
			defaultConfigurationName = Release;
		};
		8500C2D41D14FEAD0046F0D6 /* Build configuration list for PBXNativeTarget "myMakeMoneyStudy" */ = {
			isa = XCConfigurationList;
			buildConfigurations = (
				8500C2D51D14FEAD0046F0D6 /* Debug */,
				8500C2D61D14FEAD0046F0D6 /* Release */,
			);
			defaultConfigurationIsVisible = 0;
			defaultConfigurationName = Release;
		};
		8500C2D71D14FEAD0046F0D6 /* Build configuration list for PBXNativeTarget "myMakeMoneyStudyTests" */ = {
			isa = XCConfigurationList;
			buildConfigurations = (
				8500C2D81D14FEAD0046F0D6 /* Debug */,
				8500C2D91D14FEAD0046F0D6 /* Release */,
			);
			defaultConfigurationIsVisible = 0;
			defaultConfigurationName = Release;
		};
		8500C2DA1D14FEAD0046F0D6 /* Build configuration list for PBXNativeTarget "myMakeMoneyStudyUITests" */ = {
			isa = XCConfigurationList;
			buildConfigurations = (
				8500C2DB1D14FEAD0046F0D6 /* Debug */,
				8500C2DC1D14FEAD0046F0D6 /* Release */,
			);
			defaultConfigurationIsVisible = 0;
			defaultConfigurationName = Release;
		};
/* End XCConfigurationList section */
	};
	rootObject = 8500C29F1D14FEAD0046F0D6 /* Project object */;
}
